
Microsoft Visual Studio Solution File, Format Version 12.00
# Visual Studio 15
VisualStudioVersion = 15.0.28010.2003
MinimumVisualStudioVersion = 10.0.40219.1
Project("{FAE04EC0-301F-11D3-BF4B-00C04F79EFBC}") = "Manueltestprojekt", "Manueltestprojekt\Manueltestprojekt.csproj", "{095F4077-5830-4A72-8104-5CB192B5E259}"
EndProject
Project("{FAE04EC0-301F-11D3-BF4B-00C04F79EFBC}") = "Entiteter", "Entiteter\Entiteter.csproj", "{FBA9189C-4289-4E42-85CE-428B3927092E}"
EndProject
Project("{FAE04EC0-301F-11D3-BF4B-00C04F79EFBC}") = "Servicelag", "Servicelag\Servicelag.csproj", "{6DB0C571-F913-4ACB-8C28-D46006487CEC}"
EndProject
Global
	GlobalSection(SolutionConfigurationPlatforms) = preSolution
		Debug|Any CPU = Debug|Any CPU
		Release|Any CPU = Release|Any CPU
	EndGlobalSection
	GlobalSection(ProjectConfigurationPlatforms) = postSolution
		{095F4077-5830-4A72-8104-5CB192B5E259}.Debug|Any CPU.ActiveCfg = Debug|Any CPU
		{095F4077-5830-4A72-8104-5CB192B5E259}.Debug|Any CPU.Build.0 = Debug|Any CPU
		{095F4077-5830-4A72-8104-5CB192B5E259}.Release|Any CPU.ActiveCfg = Release|Any CPU
		{095F4077-5830-4A72-8104-5CB192B5E259}.Release|Any CPU.Build.0 = Release|Any CPU
		{FBA9189C-4289-4E42-85CE-428B3927092E}.Debug|Any CPU.ActiveCfg = Debug|Any CPU
		{FBA9189C-4289-4E42-85CE-428B3927092E}.Debug|Any CPU.Build.0 = Debug|Any CPU
		{FBA9189C-4289-4E42-85CE-428B3927092E}.Release|Any CPU.ActiveCfg = Release|Any CPU
		{FBA9189C-4289-4E42-85CE-428B3927092E}.Release|Any CPU.Build.0 = Release|Any CPU
		{6DB0C571-F913-4ACB-8C28-D46006487CEC}.Debug|Any CPU.ActiveCfg = Debug|Any CPU
		{6DB0C571-F913-4ACB-8C28-D46006487CEC}.Debug|Any CPU.Build.0 = Debug|Any CPU
		{6DB0C571-F913-4ACB-8C28-D46006487CEC}.Release|Any CPU.ActiveCfg = Release|Any CPU
		{6DB0C571-F913-4ACB-8C28-D46006487CEC}.Release|Any CPU.Build.0 = Release|Any CPU
	EndGlobalSection
	GlobalSection(SolutionProperties) = preSolution
		HideSolutionNode = FALSE
	EndGlobalSection
	GlobalSection(ExtensibilityGlobals) = postSolution
		SolutionGuid = {A9B573CD-68D8-463E-8537-2297E48C5084}
	EndGlobalSection
EndGlobal
